
Microsoft Visual Studio Solution File, Format Version 11.00
# Visual Studio 2010
Project("{FAE04EC0-301F-11D3-BF4B-00C04F79EFBC}") = "UnityTests", "UnityTests.csproj", "{6d3a16d7-25dc-831c-8662-ec29a899644a}"
EndProject
Project("{FAE04EC0-301F-11D3-BF4B-00C04F79EFBC}") = "UniRx", "UniRx.csproj", "{a8136fda-0497-d059-8e13-d8ba6037f97a}"
EndProject
Project("{FAE04EC0-301F-11D3-BF4B-00C04F79EFBC}") = "UniRx.Examples", "UniRx.Examples.csproj", "{286b8368-e04f-faee-9992-195d65092ad5}"
EndProject
Project("{FAE04EC0-301F-11D3-BF4B-00C04F79EFBC}") = "RuntimeUnitTestToolkit", "RuntimeUnitTestToolkit.csproj", "{c211331e-9c2f-5331-5981-699605b16915}"
EndProject
Project("{FAE04EC0-301F-11D3-BF4B-00C04F79EFBC}") = "Assembly-CSharp", "Assembly-CSharp.csproj", "{a5996bc4-0f0f-ee2f-50c8-dae79aa3f247}"
EndProject
Project("{FAE04EC0-301F-11D3-BF4B-00C04F79EFBC}") = "Assembly-CSharp-Editor", "Assembly-CSharp-Editor.csproj", "{97e86456-0db2-7b85-aba2-fe9f9a4dabfb}"
EndProject
Project("{FAE04EC0-301F-11D3-BF4B-00C04F79EFBC}") = "Assembly-CSharp-firstpass", "Assembly-CSharp-firstpass.csproj", "{4e066dfc-ed28-78a5-0d72-8e424343bf9a}"
EndProject
Global
	GlobalSection(SolutionConfigurationPlatforms) = preSolution
		Debug|Any CPU = Debug|Any CPU
	EndGlobalSection
	GlobalSection(ProjectConfigurationPlatforms) = postSolution
		{6d3a16d7-25dc-831c-8662-ec29a899644a}.Debug|Any CPU.ActiveCfg = Debug|Any CPU
		{6d3a16d7-25dc-831c-8662-ec29a899644a}.Debug|Any CPU.Build.0 = Debug|Any CPU
		{a8136fda-0497-d059-8e13-d8ba6037f97a}.Debug|Any CPU.ActiveCfg = Debug|Any CPU
		{a8136fda-0497-d059-8e13-d8ba6037f97a}.Debug|Any CPU.Build.0 = Debug|Any CPU
		{286b8368-e04f-faee-9992-195d65092ad5}.Debug|Any CPU.ActiveCfg = Debug|Any CPU
		{286b8368-e04f-faee-9992-195d65092ad5}.Debug|Any CPU.Build.0 = Debug|Any CPU
		{c211331e-9c2f-5331-5981-699605b16915}.Debug|Any CPU.ActiveCfg = Debug|Any CPU
		{c211331e-9c2f-5331-5981-699605b16915}.Debug|Any CPU.Build.0 = Debug|Any CPU
		{a5996bc4-0f0f-ee2f-50c8-dae79aa3f247}.Debug|Any CPU.ActiveCfg = Debug|Any CPU
		{a5996bc4-0f0f-ee2f-50c8-dae79aa3f247}.Debug|Any CPU.Build.0 = Debug|Any CPU
		{97e86456-0db2-7b85-aba2-fe9f9a4dabfb}.Debug|Any CPU.ActiveCfg = Debug|Any CPU
		{97e86456-0db2-7b85-aba2-fe9f9a4dabfb}.Debug|Any CPU.Build.0 = Debug|Any CPU
		{4e066dfc-ed28-78a5-0d72-8e424343bf9a}.Debug|Any CPU.ActiveCfg = Debug|Any CPU
		{4e066dfc-ed28-78a5-0d72-8e424343bf9a}.Debug|Any CPU.Build.0 = Debug|Any CPU
	EndGlobalSection
	GlobalSection(SolutionProperties) = preSolution
		HideSolutionNode = FALSE
	EndGlobalSection
EndGlobal
